# This file is automatically @generated by Poetry and should not be changed by hand.

[[package]]
name = "polars"
version = "0.16.7"
description = "Blazingly fast DataFrame library"
category = "dev"
optional = false
python-versions = ">=3.7"
files = [
    {file = "polars-0.16.7-cp37-abi3-macosx_10_7_x86_64.whl", hash = "sha256:89e2d91f4e2425ee95d483e3024b28cf9cbc908887bb821c79c223a696a589e7"},
    {file = "polars-0.16.7-cp37-abi3-macosx_11_0_arm64.whl", hash = "sha256:0409e0dab3917bac13509634c273987101a490be94a1d3895d21ff0e149701f2"},
    {file = "polars-0.16.7-cp37-abi3-manylinux_2_17_aarch64.manylinux2014_aarch64.whl", hash = "sha256:6abdc2a0bf522026f4303612f91e5c3d8af8ee22ae4ff10cf186ceb511a33b4a"},
    {file = "polars-0.16.7-cp37-abi3-manylinux_2_17_x86_64.manylinux2014_x86_64.whl", hash = "sha256:2106f522dec88ec552a3f981b1ad3bb304c8537152ea62f576c8ea67999d1e83"},
    {file = "polars-0.16.7-cp37-abi3-win_amd64.whl", hash = "sha256:3a8410bebc24b2fc0b9c7de7d4a020e6d49434c9f0a09e83adfa952e9dc66c75"},
    {file = "polars-0.16.7.tar.gz", hash = "sha256:1a17b104d5b1d0248290ef0fb1e8bfa2fbc9ac0a4298b459d7bff6cb87182a89"},
]

[package.dependencies]
typing_extensions = {version = ">=4.0.1", markers = "python_version < \"3.11\""}

[package.extras]
all = ["polars[connectorx,deltalake,fsspec,matplotlib,numpy,pandas,pyarrow,timezone,xlsx2csv]"]
connectorx = ["connectorx"]
deltalake = ["deltalake (>=0.6.2)"]
fsspec = ["fsspec"]
matplotlib = ["matplotlib"]
numpy = ["numpy (>=1.16.0)"]
pandas = ["pandas", "pyarrow (>=4.0.0)"]
pyarrow = ["pyarrow (>=4.0.0)"]
timezone = ["backports.zoneinfo", "tzdata"]
xlsx2csv = ["xlsx2csv (>=0.8.0)"]

[[package]]
name = "typing-extensions"
version = "4.5.0"
description = "Backported and Experimental Type Hints for Python 3.7+"
category = "dev"
optional = false
python-versions = ">=3.7"
files = [
    {file = "typing_extensions-4.5.0-py3-none-any.whl", hash = "sha256:fb33085c39dd998ac16d1431ebc293a8b3eedd00fd4a32de0ff79002c19511b4"},
    {file = "typing_extensions-4.5.0.tar.gz", hash = "sha256:5cb5f4a79139d699607b3ef622a1dedafa84e115ab0024e0d9c044a9479ca7cb"},
]

[metadata]
lock-version = "2.0"
python-versions = "^3.10"
content-hash = "f5640267aacee5e328a912ae6764add2f58fef025b312e3541654b133a6ea320"
